// !$*UTF8*$!
{
	archiveVersion = 1;
	classes = {
	};
	objectVersion = 50;
	objects = {

/* Begin PBXBuildFile section */
		12E2C39B92DDF114D6268E4C0F587D81 /* app.o in Frameworks */ = {isa = PBXBuildFile; fileRef = ACCE9B27E8B8060BA1F6DB90D12D5EC1 /* app.o */; };
		2EAC9E2973CC514EAEC77F17367C5E7F /* main.m in Sources */ = {isa = PBXBuildFile; fileRef = B85B4EDE6F3CCBCB5887930F3DFC3B52 /* main.m */; };
		41913EFB1AFEAE37EDE86E45C19BA839 /* Assets.xcassets in Resources */ = {isa = PBXBuildFile; fileRef = 5505CA63DFA3C90CA1365DB44EAF93A0 /* Assets.xcassets */; };
/* End PBXBuildFile section */

/* Begin PBXFileReference section */
		258F652358A93DBC5EA6A011A9B176A3 /* env.xcconfig */ = {isa = PBXFileReference; lastKnownFileType = text.xcconfig; path = env.xcconfig; sourceTree = "<group>"; };
		5505CA63DFA3C90CA1365DB44EAF93A0 /* Assets.xcassets */ = {isa = PBXFileReference; lastKnownFileType = folder.assetcatalog; path = Assets.xcassets; sourceTree = "<group>"; };
		6F906F12DF421D1E29577C4E8F6256A4 /* HackerNews.app */ = {isa = PBXFileReference; explicitFileType = wrapper.application; includeInIndex = 0; path = HackerNews.app; sourceTree = BUILT_PRODUCTS_DIR; };
		ACCE9B27E8B8060BA1F6DB90D12D5EC1 /* app.o */ = {isa = PBXFileReference; name = app.o; path = "$(BUILD_INSTALL_PATH)/bin/app.o"; sourceTree = "<group>"; };
		B85B4EDE6F3CCBCB5887930F3DFC3B52 /* main.m */ = {isa = PBXFileReference; lastKnownFileType = sourcecode.c.objc; path = main.m; sourceTree = "<group>"; };
		E4F855A8D7682B94EB93AC2B6A90DD54 /* Info.plist */ = {isa = PBXFileReference; lastKnownFileType = text.plist.xml; path = Info.plist; sourceTree = "<group>"; };
/* End PBXFileReference section */

/* Begin PBXFrameworksBuildPhase section */
		6FE023209F5CDD605A91B5CD30A34B46 /* Frameworks */ = {
			isa = PBXFrameworksBuildPhase;
			buildActionMask = 2147483647;
			files = (
				12E2C39B92DDF114D6268E4C0F587D81 /* app.o in Frameworks */,
			);
			runOnlyForDeploymentPostprocessing = 0;
		};
/* End PBXFrameworksBuildPhase section */

/* Begin PBXGroup section */
		573C60597E463DF75A61C4A20711F969 /* Resources */ = {
			isa = PBXGroup;
			children = (
				5505CA63DFA3C90CA1365DB44EAF93A0 /* Assets.xcassets */,
				258F652358A93DBC5EA6A011A9B176A3 /* env.xcconfig */,
				E4F855A8D7682B94EB93AC2B6A90DD54 /* Info.plist */,
			);
			path = Resources;
			sourceTree = "<group>";
		};
		7654908D6B599A35CC8E74C25315FE33 /* Frameworks */ = {
			isa = PBXGroup;
			children = (
				ACCE9B27E8B8060BA1F6DB90D12D5EC1 /* app.o */,
			);
			name = Frameworks;
			sourceTree = "<group>";
		};
		77EA97E8FED0128BB8D8C6BEAA169801 = {
			isa = PBXGroup;
			children = (
				573C60597E463DF75A61C4A20711F969 /* Resources */,
				B626F7F0E101E5F7A9DC43D78433A7C0 /* Sources */,
				7654908D6B599A35CC8E74C25315FE33 /* Frameworks */,
				EA92AB24154C5CA4164DA0DBE9EC2E71 /* Products */,
			);
			indentWidth = 2;
			sourceTree = "<group>";
			usesTabs = 0;
		};
		B626F7F0E101E5F7A9DC43D78433A7C0 /* Sources */ = {
			isa = PBXGroup;
			children = (
				B85B4EDE6F3CCBCB5887930F3DFC3B52 /* main.m */,
			);
			path = Sources;
			sourceTree = "<group>";
		};
		EA92AB24154C5CA4164DA0DBE9EC2E71 /* Products */ = {
			isa = PBXGroup;
			children = (
				6F906F12DF421D1E29577C4E8F6256A4 /* HackerNews.app */,
			);
			name = Products;
			sourceTree = "<group>";
		};
/* End PBXGroup section */

/* Begin PBXNativeTarget section */
		1EA42FC82146D03BE171BC36D223F46D /* HackerNews */ = {
			isa = PBXNativeTarget;
			buildConfigurationList = 0865E67EEA591584CDECA572D0ADEE74 /* Build configuration list for PBXNativeTarget "HackerNews" */;
			buildPhases = (
				A32246A57A47FEF9CCDD2F3CA57979E9 /* Sources */,
				7ECC37E6456AF07E06D68D90980DAADA /* Resources */,
				6FE023209F5CDD605A91B5CD30A34B46 /* Frameworks */,
			);
			buildRules = (
			);
			dependencies = (
			);
			name = HackerNews;
			productName = HackerNews;
			productReference = 6F906F12DF421D1E29577C4E8F6256A4 /* HackerNews.app */;
			productType = "com.apple.product-type.application";
		};
/* End PBXNativeTarget section */

/* Begin PBXProject section */
		43E359E9B8306AC62BC3CC16D8AF2F20 /* Project object */ = {
			isa = PBXProject;
			attributes = {
				LastUpgradeCheck = 1000;
			};
			buildConfigurationList = 9F3E08AAF98F6D673A1BA605EFA1B7F9 /* Build configuration list for PBXProject "HackerNews" */;
			compatibilityVersion = "Xcode 9.3";
			developmentRegion = en;
			hasScannedForEncodings = 0;
			knownRegions = (
				en,
			);
			mainGroup = 77EA97E8FED0128BB8D8C6BEAA169801;
			projectDirPath = "";
			projectRoot = "";
			targets = (
				1EA42FC82146D03BE171BC36D223F46D /* HackerNews */,
			);
		};
/* End PBXProject section */

/* Begin PBXResourcesBuildPhase section */
		7ECC37E6456AF07E06D68D90980DAADA /* Resources */ = {
			isa = PBXResourcesBuildPhase;
			buildActionMask = 2147483647;
			files = (
				41913EFB1AFEAE37EDE86E45C19BA839 /* Assets.xcassets in Resources */,
			);
			runOnlyForDeploymentPostprocessing = 0;
		};
/* End PBXResourcesBuildPhase section */

/* Begin PBXSourcesBuildPhase section */
		A32246A57A47FEF9CCDD2F3CA57979E9 /* Sources */ = {
			isa = PBXSourcesBuildPhase;
			buildActionMask = 2147483647;
			files = (
				2EAC9E2973CC514EAEC77F17367C5E7F /* main.m in Sources */,
			);
			runOnlyForDeploymentPostprocessing = 0;
		};
/* End PBXSourcesBuildPhase section */

/* Begin XCBuildConfiguration section */
		569DD3294506D847FD3B16FA176E1D49 /* Release */ = {
			isa = XCBuildConfiguration;
			baseConfigurationReference = 258F652358A93DBC5EA6A011A9B176A3 /* env.xcconfig */;
			buildSettings = {
				ALWAYS_EMBED_SWIFT_STANDARD_LIBRARIES = YES;
				ASSETCATALOG_COMPILER_APPICON_NAME = AppIcon;
				COMBINE_HIDPI_IMAGES = YES;
				FRAMEWORK_SEARCH_PATHS = (
					"$(inherited)",
					"\"$(BUILD_INSTALL_PATH)/bin\"",
				);
				HEADER_SEARCH_PATHS = "$(STDLIB_PATH)";
				INFOPLIST_FILE = Resources/Info.plist;
				LD_RUNPATH_SEARCH_PATHS = "$(inherited) @executable_path/../Frameworks";
				LIBRARY_SEARCH_PATHS = "$(STDLIB_PATH)";
				OTHER_LDFLAGS = " -framework Cocoa";
				PRODUCT_BUNDLE_IDENTIFIER = io.briskml.HackerNews;
				SDKROOT = macosx;
			};
			name = Release;
		};
		5BFBE9FF158DCACDFBE113B749F3B313 /* Debug */ = {
			isa = XCBuildConfiguration;
			buildSettings = {
				ALWAYS_SEARCH_USER_PATHS = NO;
				CLANG_ANALYZER_NONNULL = YES;
				CLANG_ANALYZER_NUMBER_OBJECT_CONVERSION = YES_AGGRESSIVE;
				CLANG_CXX_LANGUAGE_STANDARD = "gnu++14";
				CLANG_CXX_LIBRARY = "libc++";
				CLANG_ENABLE_MODULES = YES;
				CLANG_ENABLE_OBJC_ARC = YES;
				CLANG_WARN_BLOCK_CAPTURE_AUTORELEASING = YES;
				CLANG_WARN_BOOL_CONVERSION = YES;
				CLANG_WARN_COMMA = YES;
				CLANG_WARN_CONSTANT_CONVERSION = YES;
				CLANG_WARN_DEPRECATED_OBJC_IMPLEMENTATIONS = YES;
				CLANG_WARN_DIRECT_OBJC_ISA_USAGE = YES_ERROR;
				CLANG_WARN_DOCUMENTATION_COMMENTS = YES;
				CLANG_WARN_EMPTY_BODY = YES;
				CLANG_WARN_ENUM_CONVERSION = YES;
				CLANG_WARN_INFINITE_RECURSION = YES;
				CLANG_WARN_INT_CONVERSION = YES;
				CLANG_WARN_NON_LITERAL_NULL_CONVERSION = YES;
				CLANG_WARN_OBJC_IMPLICIT_RETAIN_SELF = YES;
				CLANG_WARN_OBJC_LITERAL_CONVERSION = YES;
				CLANG_WARN_OBJC_ROOT_CLASS = YES_ERROR;
				CLANG_WARN_RANGE_LOOP_ANALYSIS = YES;
				CLANG_WARN_STRICT_PROTOTYPES = YES;
				CLANG_WARN_SUSPICIOUS_MOVE = YES;
				CLANG_WARN_UNGUARDED_AVAILABILITY = YES_AGGRESSIVE;
				CLANG_WARN_UNREACHABLE_CODE = YES;
				CLANG_WARN__DUPLICATE_METHOD_MATCH = YES;
				COPY_PHASE_STRIP = NO;
				DEBUG_INFORMATION_FORMAT = dwarf;
				ENABLE_STRICT_OBJC_MSGSEND = YES;
				ENABLE_TESTABILITY = YES;
				GCC_C_LANGUAGE_STANDARD = gnu11;
				GCC_DYNAMIC_NO_PIC = NO;
				GCC_NO_COMMON_BLOCKS = YES;
				GCC_OPTIMIZATION_LEVEL = 0;
				GCC_PREPROCESSOR_DEFINITIONS = (
					"$(inherited)",
					"DEBUG=1",
				);
				GCC_WARN_64_TO_32_BIT_CONVERSION = YES;
				GCC_WARN_ABOUT_RETURN_TYPE = YES_ERROR;
				GCC_WARN_UNDECLARED_SELECTOR = YES;
				GCC_WARN_UNINITIALIZED_AUTOS = YES_AGGRESSIVE;
				GCC_WARN_UNUSED_FUNCTION = YES;
				GCC_WARN_UNUSED_VARIABLE = YES;
				MACOSX_DEPLOYMENT_TARGET = 10.10;
				MTL_ENABLE_DEBUG_INFO = YES;
				ONLY_ACTIVE_ARCH = YES;
				PRODUCT_NAME = "$(TARGET_NAME)";
				SDKROOT = macosx;
				SWIFT_ACTIVE_COMPILATION_CONDITIONS = DEBUG;
				SWIFT_OPTIMIZATION_LEVEL = "-Onone";
				SWIFT_VERSION = 4.2;
			};
			name = Debug;
		};
		9D0296EE3509C4E84867E5259E922C59 /* Release */ = {
			isa = XCBuildConfiguration;
			buildSettings = {
				ALWAYS_SEARCH_USER_PATHS = NO;
				CLANG_ANALYZER_NONNULL = YES;
				CLANG_ANALYZER_NUMBER_OBJECT_CONVERSION = YES_AGGRESSIVE;
				CLANG_CXX_LANGUAGE_STANDARD = "gnu++14";
				CLANG_CXX_LIBRARY = "libc++";
				CLANG_ENABLE_MODULES = YES;
				CLANG_ENABLE_OBJC_ARC = YES;
				CLANG_WARN_BLOCK_CAPTURE_AUTORELEASING = YES;
				CLANG_WARN_BOOL_CONVERSION = YES;
				CLANG_WARN_COMMA = YES;
				CLANG_WARN_CONSTANT_CONVERSION = YES;
				CLANG_WARN_DEPRECATED_OBJC_IMPLEMENTATIONS = YES;
				CLANG_WARN_DIRECT_OBJC_ISA_USAGE = YES_ERROR;
				CLANG_WARN_DOCUMENTATION_COMMENTS = YES;
				CLANG_WARN_EMPTY_BODY = YES;
				CLANG_WARN_ENUM_CONVERSION = YES;
				CLANG_WARN_INFINITE_RECURSION = YES;
				CLANG_WARN_INT_CONVERSION = YES;
				CLANG_WARN_NON_LITERAL_NULL_CONVERSION = YES;
				CLANG_WARN_OBJC_IMPLICIT_RETAIN_SELF = YES;
				CLANG_WARN_OBJC_LITERAL_CONVERSION = YES;
				CLANG_WARN_OBJC_ROOT_CLASS = YES_ERROR;
				CLANG_WARN_RANGE_LOOP_ANALYSIS = YES;
				CLANG_WARN_STRICT_PROTOTYPES = YES;
				CLANG_WARN_SUSPICIOUS_MOVE = YES;
				CLANG_WARN_UNGUARDED_AVAILABILITY = YES_AGGRESSIVE;
				CLANG_WARN_UNREACHABLE_CODE = YES;
				CLANG_WARN__DUPLICATE_METHOD_MATCH = YES;
				COPY_PHASE_STRIP = NO;
				DEBUG_INFORMATION_FORMAT = "dwarf-with-dsym";
				ENABLE_NS_ASSERTIONS = NO;
				ENABLE_STRICT_OBJC_MSGSEND = YES;
				GCC_C_LANGUAGE_STANDARD = gnu11;
				GCC_NO_COMMON_BLOCKS = YES;
				GCC_WARN_64_TO_32_BIT_CONVERSION = YES;
				GCC_WARN_ABOUT_RETURN_TYPE = YES_ERROR;
				GCC_WARN_UNDECLARED_SELECTOR = YES;
				GCC_WARN_UNINITIALIZED_AUTOS = YES_AGGRESSIVE;
				GCC_WARN_UNUSED_FUNCTION = YES;
				GCC_WARN_UNUSED_VARIABLE = YES;
				MACOSX_DEPLOYMENT_TARGET = 10.10;
				PRODUCT_NAME = "$(TARGET_NAME)";
				SDKROOT = macosx;
				SWIFT_OPTIMIZATION_LEVEL = "-Owholemodule";
				SWIFT_VERSION = 4.2;
				VALIDATE_PRODUCT = YES;
			};
			name = Release;
		};
		F2C43AD656502C60148539AE5CD1588D /* Debug */ = {
			isa = XCBuildConfiguration;
			baseConfigurationReference = 258F652358A93DBC5EA6A011A9B176A3 /* env.xcconfig */;
			buildSettings = {
				ALWAYS_EMBED_SWIFT_STANDARD_LIBRARIES = YES;
				ASSETCATALOG_COMPILER_APPICON_NAME = AppIcon;
				COMBINE_HIDPI_IMAGES = YES;
				FRAMEWORK_SEARCH_PATHS = (
					"$(inherited)",
					"\"$(BUILD_INSTALL_PATH)/bin\"",
				);
				HEADER_SEARCH_PATHS = "$(STDLIB_PATH)";
				INFOPLIST_FILE = Resources/Info.plist;
				LD_RUNPATH_SEARCH_PATHS = "$(inherited) @executable_path/../Frameworks";
				LIBRARY_SEARCH_PATHS = "$(STDLIB_PATH)";
				OTHER_LDFLAGS = " -framework Cocoa";
				PRODUCT_BUNDLE_IDENTIFIER = io.briskml.HackerNews;
				SDKROOT = macosx;
			};
			name = Debug;
		};
/* End XCBuildConfiguration section */

/* Begin XCConfigurationList section */
		0865E67EEA591584CDECA572D0ADEE74 /* Build configuration list for PBXNativeTarget "HackerNews" */ = {
			isa = XCConfigurationList;
			buildConfigurations = (
				F2C43AD656502C60148539AE5CD1588D /* Debug */,
				569DD3294506D847FD3B16FA176E1D49 /* Release */,
			);
			defaultConfigurationIsVisible = 0;
			defaultConfigurationName = "";
		};
		9F3E08AAF98F6D673A1BA605EFA1B7F9 /* Build configuration list for PBXProject "HackerNews" */ = {
			isa = XCConfigurationList;
			buildConfigurations = (
				5BFBE9FF158DCACDFBE113B749F3B313 /* Debug */,
				9D0296EE3509C4E84867E5259E922C59 /* Release */,
			);
			defaultConfigurationIsVisible = 0;
			defaultConfigurationName = Debug;
		};
/* End XCConfigurationList section */
	};
	rootObject = 43E359E9B8306AC62BC3CC16D8AF2F20 /* Project object */;
}
